
Microsoft Visual Studio Solution File, Format Version 12.00
# Visual Studio Version 17
VisualStudioVersion = 17.9.34622.214
MinimumVisualStudioVersion = 10.0.40219.1
Project("{FAE04EC0-301F-11D3-BF4B-00C04F79EFBC}") = "siteValorium", "siteValorium.csproj", "{97107C0A-90F8-4427-9059-8235AFB3382D}"
EndProject
Global
	GlobalSection(SolutionConfigurationPlatforms) = preSolution
		Debug|Any CPU = Debug|Any CPU
		Release|Any CPU = Release|Any CPU
	EndGlobalSection
	GlobalSection(ProjectConfigurationPlatforms) = postSolution
		{97107C0A-90F8-4427-9059-8235AFB3382D}.Debug|Any CPU.ActiveCfg = Debug|Any CPU
		{97107C0A-90F8-4427-9059-8235AFB3382D}.Debug|Any CPU.Build.0 = Debug|Any CPU
		{97107C0A-90F8-4427-9059-8235AFB3382D}.Release|Any CPU.ActiveCfg = Release|Any CPU
		{97107C0A-90F8-4427-9059-8235AFB3382D}.Release|Any CPU.Build.0 = Release|Any CPU
	EndGlobalSection
	GlobalSection(SolutionProperties) = preSolution
		HideSolutionNode = FALSE
	EndGlobalSection
	GlobalSection(ExtensibilityGlobals) = postSolution
		SolutionGuid = {630A7E0D-CF20-4555-BE84-09729DF329FC}
	EndGlobalSection
EndGlobal
